
Microsoft Visual Studio Solution File, Format Version 12.00
# Visual Studio Version 16
VisualStudioVersion = 16.0.30804.86
MinimumVisualStudioVersion = 10.0.40219.1
Project("{FAE04EC0-301F-11D3-BF4B-00C04F79EFBC}") = "ProductReviewManagement_Linq_CSharp", "ProductReviewManagement_Linq_CSharp\ProductReviewManagement_Linq_CSharp.csproj", "{1DE8CDC7-FA28-416A-8DAE-DC862A23154C}"
EndProject
Global
	GlobalSection(SolutionConfigurationPlatforms) = preSolution
		Debug|Any CPU = Debug|Any CPU
		Release|Any CPU = Release|Any CPU
	EndGlobalSection
	GlobalSection(ProjectConfigurationPlatforms) = postSolution
		{1DE8CDC7-FA28-416A-8DAE-DC862A23154C}.Debug|Any CPU.ActiveCfg = Debug|Any CPU
		{1DE8CDC7-FA28-416A-8DAE-DC862A23154C}.Debug|Any CPU.Build.0 = Debug|Any CPU
		{1DE8CDC7-FA28-416A-8DAE-DC862A23154C}.Release|Any CPU.ActiveCfg = Release|Any CPU
		{1DE8CDC7-FA28-416A-8DAE-DC862A23154C}.Release|Any CPU.Build.0 = Release|Any CPU
	EndGlobalSection
	GlobalSection(SolutionProperties) = preSolution
		HideSolutionNode = FALSE
	EndGlobalSection
	GlobalSection(ExtensibilityGlobals) = postSolution
		SolutionGuid = {34E212F6-17BE-404D-8279-3681BE53FE9E}
	EndGlobalSection
EndGlobal
